
Microsoft Visual Studio Solution File, Format Version 12.00
# Visual Studio Version 16
VisualStudioVersion = 16.0.29911.84
MinimumVisualStudioVersion = 10.0.40219.1
Project("{FAE04EC0-301F-11D3-BF4B-00C04F79EFBC}") = "LBA2 Quest Logger", "LBA2 Quest Logger.csproj", "{F2432560-9C49-422B-BA42-D59893651C0F}"
EndProject
Global
	GlobalSection(SolutionConfigurationPlatforms) = preSolution
		Debug|Any CPU = Debug|Any CPU
		Release|Any CPU = Release|Any CPU
	EndGlobalSection
	GlobalSection(ProjectConfigurationPlatforms) = postSolution
		{F2432560-9C49-422B-BA42-D59893651C0F}.Debug|Any CPU.ActiveCfg = Debug|Any CPU
		{F2432560-9C49-422B-BA42-D59893651C0F}.Debug|Any CPU.Build.0 = Debug|Any CPU
		{F2432560-9C49-422B-BA42-D59893651C0F}.Release|Any CPU.ActiveCfg = Release|Any CPU
		{F2432560-9C49-422B-BA42-D59893651C0F}.Release|Any CPU.Build.0 = Release|Any CPU
	EndGlobalSection
	GlobalSection(SolutionProperties) = preSolution
		HideSolutionNode = FALSE
	EndGlobalSection
	GlobalSection(ExtensibilityGlobals) = postSolution
		SolutionGuid = {5719538B-1157-47BC-9999-26603187452C}
	EndGlobalSection
EndGlobal
